
Microsoft Visual Studio Solution File, Format Version 12.00
# Visual Studio 2012
Project("{FAE04EC0-301F-11D3-BF4B-00C04F79EFBC}") = "ConsoleApplication14", "ConsoleApplication14\ConsoleApplication14.csproj", "{BB0B3043-4800-4727-BE75-0D2B5722FAE8}"
EndProject
Global
	GlobalSection(SolutionConfigurationPlatforms) = preSolution
		Debug|Any CPU = Debug|Any CPU
		Release|Any CPU = Release|Any CPU
	EndGlobalSection
	GlobalSection(ProjectConfigurationPlatforms) = postSolution
		{BB0B3043-4800-4727-BE75-0D2B5722FAE8}.Debug|Any CPU.ActiveCfg = Debug|Any CPU
		{BB0B3043-4800-4727-BE75-0D2B5722FAE8}.Debug|Any CPU.Build.0 = Debug|Any CPU
		{BB0B3043-4800-4727-BE75-0D2B5722FAE8}.Release|Any CPU.ActiveCfg = Release|Any CPU
		{BB0B3043-4800-4727-BE75-0D2B5722FAE8}.Release|Any CPU.Build.0 = Release|Any CPU
	EndGlobalSection
	GlobalSection(SolutionProperties) = preSolution
		HideSolutionNode = FALSE
	EndGlobalSection
EndGlobal
