
Microsoft Visual Studio Solution File, Format Version 12.00
# Visual Studio 2012
Project("{FAE04EC0-301F-11D3-BF4B-00C04F79EFBC}") = "assignment 6(3rd task neg)", "assignment 6(3rd task neg)\assignment 6(3rd task neg).csproj", "{E9CA8855-D618-48EA-BF09-762E9C12AE16}"
EndProject
Global
	GlobalSection(SolutionConfigurationPlatforms) = preSolution
		Debug|Any CPU = Debug|Any CPU
		Release|Any CPU = Release|Any CPU
	EndGlobalSection
	GlobalSection(ProjectConfigurationPlatforms) = postSolution
		{E9CA8855-D618-48EA-BF09-762E9C12AE16}.Debug|Any CPU.ActiveCfg = Debug|Any CPU
		{E9CA8855-D618-48EA-BF09-762E9C12AE16}.Debug|Any CPU.Build.0 = Debug|Any CPU
		{E9CA8855-D618-48EA-BF09-762E9C12AE16}.Release|Any CPU.ActiveCfg = Release|Any CPU
		{E9CA8855-D618-48EA-BF09-762E9C12AE16}.Release|Any CPU.Build.0 = Release|Any CPU
	EndGlobalSection
	GlobalSection(SolutionProperties) = preSolution
		HideSolutionNode = FALSE
	EndGlobalSection
EndGlobal
