
Microsoft Visual Studio Solution File, Format Version 12.00
# Visual Studio 2012
Project("{FAE04EC0-301F-11D3-BF4B-00C04F79EFBC}") = "ConsoleApplication17", "ConsoleApplication17\ConsoleApplication17.csproj", "{7CC01BD4-C1D9-4927-842F-366CCA11BD50}"
EndProject
Global
	GlobalSection(SolutionConfigurationPlatforms) = preSolution
		Debug|Any CPU = Debug|Any CPU
		Release|Any CPU = Release|Any CPU
	EndGlobalSection
	GlobalSection(ProjectConfigurationPlatforms) = postSolution
		{7CC01BD4-C1D9-4927-842F-366CCA11BD50}.Debug|Any CPU.ActiveCfg = Debug|Any CPU
		{7CC01BD4-C1D9-4927-842F-366CCA11BD50}.Debug|Any CPU.Build.0 = Debug|Any CPU
		{7CC01BD4-C1D9-4927-842F-366CCA11BD50}.Release|Any CPU.ActiveCfg = Release|Any CPU
		{7CC01BD4-C1D9-4927-842F-366CCA11BD50}.Release|Any CPU.Build.0 = Release|Any CPU
	EndGlobalSection
	GlobalSection(SolutionProperties) = preSolution
		HideSolutionNode = FALSE
	EndGlobalSection
EndGlobal
