
Microsoft Visual Studio Solution File, Format Version 12.00
# Visual Studio 2012
Project("{FAE04EC0-301F-11D3-BF4B-00C04F79EFBC}") = "customized panaldrome", "customized panaldrome\customized panaldrome.csproj", "{648BB2E8-2CB3-4705-948A-639CAEF50084}"
EndProject
Global
	GlobalSection(SolutionConfigurationPlatforms) = preSolution
		Debug|Any CPU = Debug|Any CPU
		Release|Any CPU = Release|Any CPU
	EndGlobalSection
	GlobalSection(ProjectConfigurationPlatforms) = postSolution
		{648BB2E8-2CB3-4705-948A-639CAEF50084}.Debug|Any CPU.ActiveCfg = Debug|Any CPU
		{648BB2E8-2CB3-4705-948A-639CAEF50084}.Debug|Any CPU.Build.0 = Debug|Any CPU
		{648BB2E8-2CB3-4705-948A-639CAEF50084}.Release|Any CPU.ActiveCfg = Release|Any CPU
		{648BB2E8-2CB3-4705-948A-639CAEF50084}.Release|Any CPU.Build.0 = Release|Any CPU
	EndGlobalSection
	GlobalSection(SolutionProperties) = preSolution
		HideSolutionNode = FALSE
	EndGlobalSection
EndGlobal
