
Microsoft Visual Studio Solution File, Format Version 12.00
# Visual Studio 2012
Project("{FAE04EC0-301F-11D3-BF4B-00C04F79EFBC}") = "array 2 dimension", "array 2 dimension\array 2 dimension.csproj", "{9B4344BB-8EE7-48C7-BF1F-F1365570B4EC}"
EndProject
Global
	GlobalSection(SolutionConfigurationPlatforms) = preSolution
		Debug|Any CPU = Debug|Any CPU
		Release|Any CPU = Release|Any CPU
	EndGlobalSection
	GlobalSection(ProjectConfigurationPlatforms) = postSolution
		{9B4344BB-8EE7-48C7-BF1F-F1365570B4EC}.Debug|Any CPU.ActiveCfg = Debug|Any CPU
		{9B4344BB-8EE7-48C7-BF1F-F1365570B4EC}.Debug|Any CPU.Build.0 = Debug|Any CPU
		{9B4344BB-8EE7-48C7-BF1F-F1365570B4EC}.Release|Any CPU.ActiveCfg = Release|Any CPU
		{9B4344BB-8EE7-48C7-BF1F-F1365570B4EC}.Release|Any CPU.Build.0 = Release|Any CPU
	EndGlobalSection
	GlobalSection(SolutionProperties) = preSolution
		HideSolutionNode = FALSE
	EndGlobalSection
EndGlobal
