
Microsoft Visual Studio Solution File, Format Version 12.00
# Visual Studio 2012
Project("{FAE04EC0-301F-11D3-BF4B-00C04F79EFBC}") = "ConsoleApplication1", "ConsoleApplication1\ConsoleApplication1.csproj", "{CEBC1A66-2096-4420-AF1E-DD5CD78CD0FF}"
EndProject
Global
	GlobalSection(SolutionConfigurationPlatforms) = preSolution
		Debug|Any CPU = Debug|Any CPU
		Release|Any CPU = Release|Any CPU
	EndGlobalSection
	GlobalSection(ProjectConfigurationPlatforms) = postSolution
		{CEBC1A66-2096-4420-AF1E-DD5CD78CD0FF}.Debug|Any CPU.ActiveCfg = Debug|Any CPU
		{CEBC1A66-2096-4420-AF1E-DD5CD78CD0FF}.Debug|Any CPU.Build.0 = Debug|Any CPU
		{CEBC1A66-2096-4420-AF1E-DD5CD78CD0FF}.Release|Any CPU.ActiveCfg = Release|Any CPU
		{CEBC1A66-2096-4420-AF1E-DD5CD78CD0FF}.Release|Any CPU.Build.0 = Release|Any CPU
	EndGlobalSection
	GlobalSection(SolutionProperties) = preSolution
		HideSolutionNode = FALSE
	EndGlobalSection
EndGlobal
